
Microsoft Visual Studio Solution File, Format Version 12.00
# Visual Studio Version 16
VisualStudioVersion = 16.0.31205.134
MinimumVisualStudioVersion = 10.0.40219.1
Project("{9A19103F-16F7-4668-BE54-9A1E7A4F7556}") = "SimpleTree", "SimpleTree.csproj", "{4BE37BA0-CC2A-4CBF-82E5-672B7E20DBAE}"
EndProject
Project("{FAE04EC0-301F-11D3-BF4B-00C04F79EFBC}") = "SimpleTreeTests", "..\SimpleTreeTests\SimpleTreeTests.csproj", "{8BA85329-ADCE-419E-AD87-9D947B1FD124}"
EndProject
Global
	GlobalSection(SolutionConfigurationPlatforms) = preSolution
		Debug|Any CPU = Debug|Any CPU
		Release|Any CPU = Release|Any CPU
	EndGlobalSection
	GlobalSection(ProjectConfigurationPlatforms) = postSolution
		{4BE37BA0-CC2A-4CBF-82E5-672B7E20DBAE}.Debug|Any CPU.ActiveCfg = Debug|Any CPU
		{4BE37BA0-CC2A-4CBF-82E5-672B7E20DBAE}.Debug|Any CPU.Build.0 = Debug|Any CPU
		{4BE37BA0-CC2A-4CBF-82E5-672B7E20DBAE}.Release|Any CPU.ActiveCfg = Release|Any CPU
		{4BE37BA0-CC2A-4CBF-82E5-672B7E20DBAE}.Release|Any CPU.Build.0 = Release|Any CPU
		{8BA85329-ADCE-419E-AD87-9D947B1FD124}.Debug|Any CPU.ActiveCfg = Debug|Any CPU
		{8BA85329-ADCE-419E-AD87-9D947B1FD124}.Debug|Any CPU.Build.0 = Debug|Any CPU
		{8BA85329-ADCE-419E-AD87-9D947B1FD124}.Release|Any CPU.ActiveCfg = Release|Any CPU
		{8BA85329-ADCE-419E-AD87-9D947B1FD124}.Release|Any CPU.Build.0 = Release|Any CPU
	EndGlobalSection
	GlobalSection(SolutionProperties) = preSolution
		HideSolutionNode = FALSE
	EndGlobalSection
	GlobalSection(ExtensibilityGlobals) = postSolution
		SolutionGuid = {D9714827-6898-4C72-838E-D2680AE4F26C}
	EndGlobalSection
EndGlobal
